
Microsoft Visual Studio Solution File, Format Version 12.00
# Visual Studio 15
VisualStudioVersion = 15.0.27703.2042
MinimumVisualStudioVersion = 10.0.40219.1
Project("{FAE04EC0-301F-11D3-BF4B-00C04F79EFBC}") = "ThreadLesson", "ThreadLesson\ThreadLesson.csproj", "{22916786-0894-4ED8-B423-F345321F357C}"
EndProject
Global
	GlobalSection(SolutionConfigurationPlatforms) = preSolution
		Debug|Any CPU = Debug|Any CPU
		Release|Any CPU = Release|Any CPU
	EndGlobalSection
	GlobalSection(ProjectConfigurationPlatforms) = postSolution
		{22916786-0894-4ED8-B423-F345321F357C}.Debug|Any CPU.ActiveCfg = Debug|Any CPU
		{22916786-0894-4ED8-B423-F345321F357C}.Debug|Any CPU.Build.0 = Debug|Any CPU
		{22916786-0894-4ED8-B423-F345321F357C}.Release|Any CPU.ActiveCfg = Release|Any CPU
		{22916786-0894-4ED8-B423-F345321F357C}.Release|Any CPU.Build.0 = Release|Any CPU
	EndGlobalSection
	GlobalSection(SolutionProperties) = preSolution
		HideSolutionNode = FALSE
	EndGlobalSection
	GlobalSection(ExtensibilityGlobals) = postSolution
		SolutionGuid = {FE283AE7-EA6B-4B59-85F0-CCC1D5FE3800}
	EndGlobalSection
EndGlobal
